<?xml version="1.0" encoding="utf-8"?>
<Project ToolsVersion="4.0" xmlns="http://schemas.microsoft.com/developer/msbuild/2003">
  <ItemGroup>
    <None Include="packages.config" />
    <None Include="shader\ray.frag">
      <Filter>Shader</Filter>
    </None>
    <None Include="shader\ray.vert">
      <Filter>Shader</Filter>
    </None>
    <None Include="svpng\svpng.inc">
      <Filter>Lib</Filter>
    </None>
    <None Include="shader\screen.frag">
      <Filter>Shader</Filter>
    </None>
    <None Include="shader\screen.vert">
      <Filter>Shader</Filter>
    </None>
    <None Include="shader\compute.shader" />
  </ItemGroup>
  <ItemGroup>
    <Filter Include="Shader">
      <UniqueIdentifier>{8060793e-2fb7-495b-bcf2-223243383bc0}</UniqueIdentifier>
    </Filter>
    <Filter Include="Lib">
      <UniqueIdentifier>{001ae755-7328-4569-b0ad-0b357967d50b}</UniqueIdentifier>
    </Filter>
  </ItemGroup>
  <ItemGroup>
    <ClInclude Include="stb_image.h">
      <Filter>Lib</Filter>
    </ClInclude>
    <ClInclude Include="source\NoiseGenerator.h" />
    <ClInclude Include="source\Shader.h" />
  </ItemGroup>
  <ItemGroup>
    <ClCompile Include="glad\src\glad.c">
      <Filter>Lib</Filter>
    </ClCompile>
    <ClCompile Include="source\Light2D.cpp" />
    <ClCompile Include="source\NoiseGenerator.cpp" />
    <ClCompile Include="source\Shader.cpp" />
  </ItemGroup>
</Project>